// !$*UTF8*$!
{
	archiveVersion = 1;
	classes = {
	};
	objectVersion = 56;
	objects = {

/* Begin PBXBuildFile section */
		4506CE252B4F220B00DCAD9A /* WeekendView.swift in Sources */ = {isa = PBXBuildFile; fileRef = 4506CE242B4F220B00DCAD9A /* WeekendView.swift */; };
		4506CE272B501A1100DCAD9A /* DateFormatterController.swift in Sources */ = {isa = PBXBuildFile; fileRef = 4506CE262B501A1100DCAD9A /* DateFormatterController.swift */; };
		451887372B36141400C692F9 /* ClockEventController.swift in Sources */ = {isa = PBXBuildFile; fileRef = 451887362B36141400C692F9 /* ClockEventController.swift */; };
		451887392B4C5EE600C692F9 /* EventLinkView.swift in Sources */ = {isa = PBXBuildFile; fileRef = 451887382B4C5EE600C692F9 /* EventLinkView.swift */; };
		4518873D2B4EFF0B00C692F9 /* DateText.swift in Sources */ = {isa = PBXBuildFile; fileRef = 4518873C2B4EFF0B00C692F9 /* DateText.swift */; };
		4518873F2B4EFF9C00C692F9 /* EventGroup.swift in Sources */ = {isa = PBXBuildFile; fileRef = 4518873E2B4EFF9C00C692F9 /* EventGroup.swift */; };
		451887432B4F015600C692F9 /* EventChunkView.swift in Sources */ = {isa = PBXBuildFile; fileRef = 451887422B4F015600C692F9 /* EventChunkView.swift */; };
		451887452B4F02F100C692F9 /* AbsenceView.swift in Sources */ = {isa = PBXBuildFile; fileRef = 451887442B4F02F100C692F9 /* AbsenceView.swift */; };
		451887492B4F0AC000C692F9 /* DataFetcherController.swift in Sources */ = {isa = PBXBuildFile; fileRef = 451887482B4F0AC000C692F9 /* DataFetcherController.swift */; };
		451E31A42B61545100390880 /* TicketController.swift in Sources */ = {isa = PBXBuildFile; fileRef = 451E31A32B61545100390880 /* TicketController.swift */; };
		451E31A62B6155F400390880 /* Ticket.swift in Sources */ = {isa = PBXBuildFile; fileRef = 451E31A52B6155F400390880 /* Ticket.swift */; };
		4525C66C2B16458C00B2A799 /* AuthController.swift in Sources */ = {isa = PBXBuildFile; fileRef = 4525C66B2B16458C00B2A799 /* AuthController.swift */; };
		455F82A42B2B6E9B00CB161C /* RegisterScreen.swift in Sources */ = {isa = PBXBuildFile; fileRef = 455F82A32B2B6E9B00CB161C /* RegisterScreen.swift */; };
		455F82A82B2C8E7700CB161C /* UserSession.swift in Sources */ = {isa = PBXBuildFile; fileRef = 455F82A72B2C8E7700CB161C /* UserSession.swift */; };
		455F82AA2B307D9E00CB161C /* UserMainPanel.swift in Sources */ = {isa = PBXBuildFile; fileRef = 455F82A92B307D9E00CB161C /* UserMainPanel.swift */; };
		455F82AF2B30AF6F00CB161C /* ClockTableRow.swift in Sources */ = {isa = PBXBuildFile; fileRef = 455F82AE2B30AF6F00CB161C /* ClockTableRow.swift */; };
		455F82B12B30B0A700CB161C /* ClockEvent.swift in Sources */ = {isa = PBXBuildFile; fileRef = 455F82B02B30B0A700CB161C /* ClockEvent.swift */; };
		455F82B32B30B20500CB161C /* ClockEntry.swift in Sources */ = {isa = PBXBuildFile; fileRef = 455F82B22B30B20500CB161C /* ClockEntry.swift */; };
		455F82B52B30B5EC00CB161C /* ClockReport.swift in Sources */ = {isa = PBXBuildFile; fileRef = 455F82B42B30B5EC00CB161C /* ClockReport.swift */; };
		455F82B72B30D04D00CB161C /* BalanceValue.swift in Sources */ = {isa = PBXBuildFile; fileRef = 455F82B62B30D04D00CB161C /* BalanceValue.swift */; };
		455F82BC2B30D64800CB161C /* RowExampleData.json in Resources */ = {isa = PBXBuildFile; fileRef = 455F82BB2B30D64800CB161C /* RowExampleData.json */; };
		455F82BE2B30DAA100CB161C /* ReportExampleData.json in Resources */ = {isa = PBXBuildFile; fileRef = 455F82BD2B30DAA100CB161C /* ReportExampleData.json */; };
		45669BD92B10EA72000FA293 /* PontentiqueApp.swift in Sources */ = {isa = PBXBuildFile; fileRef = 45669BD82B10EA72000FA293 /* PontentiqueApp.swift */; };
		45669BDB2B10EA72000FA293 /* ContentView.swift in Sources */ = {isa = PBXBuildFile; fileRef = 45669BDA2B10EA72000FA293 /* ContentView.swift */; };
		45669BDD2B10EA74000FA293 /* Assets.xcassets in Resources */ = {isa = PBXBuildFile; fileRef = 45669BDC2B10EA74000FA293 /* Assets.xcassets */; };
		45669BE12B10EA74000FA293 /* Preview Assets.xcassets in Resources */ = {isa = PBXBuildFile; fileRef = 45669BE02B10EA74000FA293 /* Preview Assets.xcassets */; };
		45669BEA2B10FD8D000FA293 /* ColorScheme.swift in Sources */ = {isa = PBXBuildFile; fileRef = 45669BE92B10FD8D000FA293 /* ColorScheme.swift */; };
		45669BEC2B10FDC8000FA293 /* LoginScreen.swift in Sources */ = {isa = PBXBuildFile; fileRef = 45669BEB2B10FDC8000FA293 /* LoginScreen.swift */; };
		456A83722B59ACBC0086A4E3 /* User.swift in Sources */ = {isa = PBXBuildFile; fileRef = 456A83712B59ACBC0086A4E3 /* User.swift */; };
		457DA01D2B5AE25C000167A2 /* UserController.swift in Sources */ = {isa = PBXBuildFile; fileRef = 457DA01C2B5AE25C000167A2 /* UserController.swift */; };
		457DA01F2B5AF2EE000167A2 /* LoadingIconView.swift in Sources */ = {isa = PBXBuildFile; fileRef = 457DA01E2B5AF2EE000167A2 /* LoadingIconView.swift */; };
		457DA0212B5B0356000167A2 /* AdminMainPanel.swift in Sources */ = {isa = PBXBuildFile; fileRef = 457DA0202B5B0356000167A2 /* AdminMainPanel.swift */; };
		457DA0242B5EA273000167A2 /* UserAddEventDateView.swift in Sources */ = {isa = PBXBuildFile; fileRef = 457DA0232B5EA273000167A2 /* UserAddEventDateView.swift */; };
		457DA0262B5EA4ED000167A2 /* TimeTextField.swift in Sources */ = {isa = PBXBuildFile; fileRef = 457DA0252B5EA4ED000167A2 /* TimeTextField.swift */; };
		457DA0282B5EB070000167A2 /* AdminAddEventDateView.swift in Sources */ = {isa = PBXBuildFile; fileRef = 457DA0272B5EB070000167A2 /* AdminAddEventDateView.swift */; };
		457DA02A2B5EB330000167A2 /* DateTextField.swift in Sources */ = {isa = PBXBuildFile; fileRef = 457DA0292B5EB330000167A2 /* DateTextField.swift */; };
		45E89D352B6BFF630011C2D5 /* DayOffView.swift in Sources */ = {isa = PBXBuildFile; fileRef = 45E89D342B6BFF630011C2D5 /* DayOffView.swift */; };
		45E931842B321EBD003BED3A /* UserSessionManager.swift in Sources */ = {isa = PBXBuildFile; fileRef = 45E931832B321EBD003BED3A /* UserSessionManager.swift */; };
		45E931862B331EEF003BED3A /* ClockPunchController.swift in Sources */ = {isa = PBXBuildFile; fileRef = 45E931852B331EEF003BED3A /* ClockPunchController.swift */; };
		45E931882B33204F003BED3A /* ErrorController.swift in Sources */ = {isa = PBXBuildFile; fileRef = 45E931872B33204F003BED3A /* ErrorController.swift */; };
		45E9318A2B3346E2003BED3A /* ClockReportController.swift in Sources */ = {isa = PBXBuildFile; fileRef = 45E931892B3346E2003BED3A /* ClockReportController.swift */; };
		45E9318E2B34BFDB003BED3A /* EditEventView.swift in Sources */ = {isa = PBXBuildFile; fileRef = 45E9318D2B34BFDB003BED3A /* EditEventView.swift */; };
		45E931902B34CD6E003BED3A /* EventExampleData.json in Resources */ = {isa = PBXBuildFile; fileRef = 45E9318F2B34CD6E003BED3A /* EventExampleData.json */; };
		8B09429D2B56F51D00F206C0 /* AdminReportPainel.swift in Sources */ = {isa = PBXBuildFile; fileRef = 8B09429C2B56F51D00F206C0 /* AdminReportPainel.swift */; };
		8B59EC822B58431600B10E40 /* AdminRequestMainPanel.swift in Sources */ = {isa = PBXBuildFile; fileRef = 8B59EC812B58431600B10E40 /* AdminRequestMainPanel.swift */; };
		8B59EC842B5962FF00B10E40 /* AdminUsersMainPainel.swift in Sources */ = {isa = PBXBuildFile; fileRef = 8B59EC832B5962FF00B10E40 /* AdminUsersMainPainel.swift */; };
		8B93C3992B6ABBB0009B21BD /* LoadingLoginScreenView.swift in Sources */ = {isa = PBXBuildFile; fileRef = 8B93C3982B6ABBB0009B21BD /* LoadingLoginScreenView.swift */; };
		8BE7B2F92B599034004B6B6D /* AddEventView.swift in Sources */ = {isa = PBXBuildFile; fileRef = 8BE7B2F82B599034004B6B6D /* AddEventView.swift */; };
		8BE7B2FF2B599209004B6B6D /* AddEventLinkView.swift in Sources */ = {isa = PBXBuildFile; fileRef = 8BE7B2FE2B599209004B6B6D /* AddEventLinkView.swift */; };
		8BE7B3012B59A090004B6B6D /* AdminEditUser.swift in Sources */ = {isa = PBXBuildFile; fileRef = 8BE7B3002B59A090004B6B6D /* AdminEditUser.swift */; };
		8BE7B3032B5AFAFF004B6B6D /* ForEachChunk.swift in Sources */ = {isa = PBXBuildFile; fileRef = 8BE7B3022B5AFAFF004B6B6D /* ForEachChunk.swift */; };
		8BE7B3052B5B0622004B6B6D /* EventBackgroundColor.swift in Sources */ = {isa = PBXBuildFile; fileRef = 8BE7B3042B5B0622004B6B6D /* EventBackgroundColor.swift */; };
		8BE7B30D2B614AC7004B6B6D /* StatusController.swift in Sources */ = {isa = PBXBuildFile; fileRef = 8BE7B30C2B614AC7004B6B6D /* StatusController.swift */; };
/* End PBXBuildFile section */

/* Begin PBXFileReference section */
		4506CE242B4F220B00DCAD9A /* WeekendView.swift */ = {isa = PBXFileReference; lastKnownFileType = sourcecode.swift; path = WeekendView.swift; sourceTree = "<group>"; };
		4506CE262B501A1100DCAD9A /* DateFormatterController.swift */ = {isa = PBXFileReference; lastKnownFileType = sourcecode.swift; path = DateFormatterController.swift; sourceTree = "<group>"; };
		451887362B36141400C692F9 /* ClockEventController.swift */ = {isa = PBXFileReference; lastKnownFileType = sourcecode.swift; path = ClockEventController.swift; sourceTree = "<group>"; };
		451887382B4C5EE600C692F9 /* EventLinkView.swift */ = {isa = PBXFileReference; lastKnownFileType = sourcecode.swift; path = EventLinkView.swift; sourceTree = "<group>"; };
		4518873C2B4EFF0B00C692F9 /* DateText.swift */ = {isa = PBXFileReference; lastKnownFileType = sourcecode.swift; path = DateText.swift; sourceTree = "<group>"; };
		4518873E2B4EFF9C00C692F9 /* EventGroup.swift */ = {isa = PBXFileReference; lastKnownFileType = sourcecode.swift; path = EventGroup.swift; sourceTree = "<group>"; };
		451887422B4F015600C692F9 /* EventChunkView.swift */ = {isa = PBXFileReference; lastKnownFileType = sourcecode.swift; path = EventChunkView.swift; sourceTree = "<group>"; };
		451887442B4F02F100C692F9 /* AbsenceView.swift */ = {isa = PBXFileReference; lastKnownFileType = sourcecode.swift; path = AbsenceView.swift; sourceTree = "<group>"; };
		451887482B4F0AC000C692F9 /* DataFetcherController.swift */ = {isa = PBXFileReference; lastKnownFileType = sourcecode.swift; path = DataFetcherController.swift; sourceTree = "<group>"; };
		451E31A32B61545100390880 /* TicketController.swift */ = {isa = PBXFileReference; lastKnownFileType = sourcecode.swift; path = TicketController.swift; sourceTree = "<group>"; };
		451E31A52B6155F400390880 /* Ticket.swift */ = {isa = PBXFileReference; lastKnownFileType = sourcecode.swift; path = Ticket.swift; sourceTree = "<group>"; };
		4525C66B2B16458C00B2A799 /* AuthController.swift */ = {isa = PBXFileReference; lastKnownFileType = sourcecode.swift; path = AuthController.swift; sourceTree = "<group>"; };
		4525C66D2B164C4700B2A799 /* Info.plist */ = {isa = PBXFileReference; lastKnownFileType = text.plist; path = Info.plist; sourceTree = "<group>"; };
		4525C66E2B16560800B2A799 /* PontentiqueRelease.entitlements */ = {isa = PBXFileReference; lastKnownFileType = text.plist.entitlements; path = PontentiqueRelease.entitlements; sourceTree = "<group>"; };
		455F82A32B2B6E9B00CB161C /* RegisterScreen.swift */ = {isa = PBXFileReference; lastKnownFileType = sourcecode.swift; path = RegisterScreen.swift; sourceTree = "<group>"; };
		455F82A72B2C8E7700CB161C /* UserSession.swift */ = {isa = PBXFileReference; lastKnownFileType = sourcecode.swift; path = UserSession.swift; sourceTree = "<group>"; };
		455F82A92B307D9E00CB161C /* UserMainPanel.swift */ = {isa = PBXFileReference; lastKnownFileType = sourcecode.swift; path = UserMainPanel.swift; sourceTree = "<group>"; };
		455F82AE2B30AF6F00CB161C /* ClockTableRow.swift */ = {isa = PBXFileReference; lastKnownFileType = sourcecode.swift; path = ClockTableRow.swift; sourceTree = "<group>"; };
		455F82B02B30B0A700CB161C /* ClockEvent.swift */ = {isa = PBXFileReference; lastKnownFileType = sourcecode.swift; path = ClockEvent.swift; sourceTree = "<group>"; };
		455F82B22B30B20500CB161C /* ClockEntry.swift */ = {isa = PBXFileReference; lastKnownFileType = sourcecode.swift; path = ClockEntry.swift; sourceTree = "<group>"; };
		455F82B42B30B5EC00CB161C /* ClockReport.swift */ = {isa = PBXFileReference; lastKnownFileType = sourcecode.swift; path = ClockReport.swift; sourceTree = "<group>"; };
		455F82B62B30D04D00CB161C /* BalanceValue.swift */ = {isa = PBXFileReference; lastKnownFileType = sourcecode.swift; path = BalanceValue.swift; sourceTree = "<group>"; };
		455F82BB2B30D64800CB161C /* RowExampleData.json */ = {isa = PBXFileReference; fileEncoding = 4; lastKnownFileType = text.json; path = RowExampleData.json; sourceTree = "<group>"; };
		455F82BD2B30DAA100CB161C /* ReportExampleData.json */ = {isa = PBXFileReference; fileEncoding = 4; lastKnownFileType = text.json; path = ReportExampleData.json; sourceTree = "<group>"; };
		45669BD52B10EA72000FA293 /* Pontentique.app */ = {isa = PBXFileReference; explicitFileType = wrapper.application; includeInIndex = 0; path = Pontentique.app; sourceTree = BUILT_PRODUCTS_DIR; };
		45669BD82B10EA72000FA293 /* PontentiqueApp.swift */ = {isa = PBXFileReference; lastKnownFileType = sourcecode.swift; path = PontentiqueApp.swift; sourceTree = "<group>"; };
		45669BDA2B10EA72000FA293 /* ContentView.swift */ = {isa = PBXFileReference; lastKnownFileType = sourcecode.swift; path = ContentView.swift; sourceTree = "<group>"; };
		45669BDC2B10EA74000FA293 /* Assets.xcassets */ = {isa = PBXFileReference; lastKnownFileType = folder.assetcatalog; path = Assets.xcassets; sourceTree = "<group>"; };
		45669BDE2B10EA74000FA293 /* Pontentique.entitlements */ = {isa = PBXFileReference; lastKnownFileType = text.plist.entitlements; path = Pontentique.entitlements; sourceTree = "<group>"; };
		45669BE02B10EA74000FA293 /* Preview Assets.xcassets */ = {isa = PBXFileReference; lastKnownFileType = folder.assetcatalog; path = "Preview Assets.xcassets"; sourceTree = "<group>"; };
		45669BE92B10FD8D000FA293 /* ColorScheme.swift */ = {isa = PBXFileReference; lastKnownFileType = sourcecode.swift; path = ColorScheme.swift; sourceTree = "<group>"; };
		45669BEB2B10FDC8000FA293 /* LoginScreen.swift */ = {isa = PBXFileReference; lastKnownFileType = sourcecode.swift; path = LoginScreen.swift; sourceTree = "<group>"; };
		456A83712B59ACBC0086A4E3 /* User.swift */ = {isa = PBXFileReference; lastKnownFileType = sourcecode.swift; path = User.swift; sourceTree = "<group>"; };
		457DA01C2B5AE25C000167A2 /* UserController.swift */ = {isa = PBXFileReference; lastKnownFileType = sourcecode.swift; path = UserController.swift; sourceTree = "<group>"; };
		457DA01E2B5AF2EE000167A2 /* LoadingIconView.swift */ = {isa = PBXFileReference; lastKnownFileType = sourcecode.swift; path = LoadingIconView.swift; sourceTree = "<group>"; };
		457DA0202B5B0356000167A2 /* AdminMainPanel.swift */ = {isa = PBXFileReference; lastKnownFileType = sourcecode.swift; path = AdminMainPanel.swift; sourceTree = "<group>"; };
		457DA0232B5EA273000167A2 /* UserAddEventDateView.swift */ = {isa = PBXFileReference; lastKnownFileType = sourcecode.swift; path = UserAddEventDateView.swift; sourceTree = "<group>"; };
		457DA0252B5EA4ED000167A2 /* TimeTextField.swift */ = {isa = PBXFileReference; lastKnownFileType = sourcecode.swift; path = TimeTextField.swift; sourceTree = "<group>"; };
		457DA0272B5EB070000167A2 /* AdminAddEventDateView.swift */ = {isa = PBXFileReference; lastKnownFileType = sourcecode.swift; path = AdminAddEventDateView.swift; sourceTree = "<group>"; };
		457DA0292B5EB330000167A2 /* DateTextField.swift */ = {isa = PBXFileReference; lastKnownFileType = sourcecode.swift; path = DateTextField.swift; sourceTree = "<group>"; };
		45E89D342B6BFF630011C2D5 /* DayOffView.swift */ = {isa = PBXFileReference; lastKnownFileType = sourcecode.swift; path = DayOffView.swift; sourceTree = "<group>"; };
		45E931832B321EBD003BED3A /* UserSessionManager.swift */ = {isa = PBXFileReference; lastKnownFileType = sourcecode.swift; path = UserSessionManager.swift; sourceTree = "<group>"; };
		45E931852B331EEF003BED3A /* ClockPunchController.swift */ = {isa = PBXFileReference; lastKnownFileType = sourcecode.swift; path = ClockPunchController.swift; sourceTree = "<group>"; };
		45E931872B33204F003BED3A /* ErrorController.swift */ = {isa = PBXFileReference; lastKnownFileType = sourcecode.swift; path = ErrorController.swift; sourceTree = "<group>"; };
		45E931892B3346E2003BED3A /* ClockReportController.swift */ = {isa = PBXFileReference; lastKnownFileType = sourcecode.swift; path = ClockReportController.swift; sourceTree = "<group>"; };
		45E9318D2B34BFDB003BED3A /* EditEventView.swift */ = {isa = PBXFileReference; lastKnownFileType = sourcecode.swift; path = EditEventView.swift; sourceTree = "<group>"; };
		45E9318F2B34CD6E003BED3A /* EventExampleData.json */ = {isa = PBXFileReference; fileEncoding = 4; lastKnownFileType = text.json; path = EventExampleData.json; sourceTree = "<group>"; };
		8B09429C2B56F51D00F206C0 /* AdminReportPainel.swift */ = {isa = PBXFileReference; lastKnownFileType = sourcecode.swift; path = AdminReportPainel.swift; sourceTree = "<group>"; };
		8B59EC812B58431600B10E40 /* AdminRequestMainPanel.swift */ = {isa = PBXFileReference; lastKnownFileType = sourcecode.swift; path = AdminRequestMainPanel.swift; sourceTree = "<group>"; };
		8B59EC832B5962FF00B10E40 /* AdminUsersMainPainel.swift */ = {isa = PBXFileReference; lastKnownFileType = sourcecode.swift; path = AdminUsersMainPainel.swift; sourceTree = "<group>"; };
		8B93C3982B6ABBB0009B21BD /* LoadingLoginScreenView.swift */ = {isa = PBXFileReference; lastKnownFileType = sourcecode.swift; path = LoadingLoginScreenView.swift; sourceTree = "<group>"; };
		8BE7B2F82B599034004B6B6D /* AddEventView.swift */ = {isa = PBXFileReference; lastKnownFileType = sourcecode.swift; path = AddEventView.swift; sourceTree = "<group>"; };
		8BE7B2FE2B599209004B6B6D /* AddEventLinkView.swift */ = {isa = PBXFileReference; lastKnownFileType = sourcecode.swift; path = AddEventLinkView.swift; sourceTree = "<group>"; };
		8BE7B3002B59A090004B6B6D /* AdminEditUser.swift */ = {isa = PBXFileReference; lastKnownFileType = sourcecode.swift; path = AdminEditUser.swift; sourceTree = "<group>"; };
		8BE7B3022B5AFAFF004B6B6D /* ForEachChunk.swift */ = {isa = PBXFileReference; lastKnownFileType = sourcecode.swift; path = ForEachChunk.swift; sourceTree = "<group>"; };
		8BE7B3042B5B0622004B6B6D /* EventBackgroundColor.swift */ = {isa = PBXFileReference; lastKnownFileType = sourcecode.swift; path = EventBackgroundColor.swift; sourceTree = "<group>"; };
		8BE7B30C2B614AC7004B6B6D /* StatusController.swift */ = {isa = PBXFileReference; lastKnownFileType = sourcecode.swift; path = StatusController.swift; sourceTree = "<group>"; };
/* End PBXFileReference section */

/* Begin PBXFrameworksBuildPhase section */
		45669BD22B10EA72000FA293 /* Frameworks */ = {
			isa = PBXFrameworksBuildPhase;
			buildActionMask = 2147483647;
			files = (
			);
			runOnlyForDeploymentPostprocessing = 0;
		};
/* End PBXFrameworksBuildPhase section */

/* Begin PBXGroup section */
		455F82AD2B30AF3300CB161C /* Helpers */ = {
			isa = PBXGroup;
			children = (
				45669BE92B10FD8D000FA293 /* ColorScheme.swift */,
				455F82AE2B30AF6F00CB161C /* ClockTableRow.swift */,
				4518873C2B4EFF0B00C692F9 /* DateText.swift */,
				4518873E2B4EFF9C00C692F9 /* EventGroup.swift */,
				455F82B62B30D04D00CB161C /* BalanceValue.swift */,
				451887442B4F02F100C692F9 /* AbsenceView.swift */,
				4506CE242B4F220B00DCAD9A /* WeekendView.swift */,
				45E89D342B6BFF630011C2D5 /* DayOffView.swift */,
				451887422B4F015600C692F9 /* EventChunkView.swift */,
				451887382B4C5EE600C692F9 /* EventLinkView.swift */,
				457DA0252B5EA4ED000167A2 /* TimeTextField.swift */,
				457DA0292B5EB330000167A2 /* DateTextField.swift */,
				8BE7B2FE2B599209004B6B6D /* AddEventLinkView.swift */,
				457DA01E2B5AF2EE000167A2 /* LoadingIconView.swift */,
				8BE7B3022B5AFAFF004B6B6D /* ForEachChunk.swift */,
				8BE7B3042B5B0622004B6B6D /* EventBackgroundColor.swift */,
				8B93C3982B6ABBB0009B21BD /* LoadingLoginScreenView.swift */,
			);
			path = Helpers;
			sourceTree = "<group>";
		};
		455F82C12B31F9D700CB161C /* User */ = {
			isa = PBXGroup;
			children = (
				457DA0232B5EA273000167A2 /* UserAddEventDateView.swift */,
				455F82A92B307D9E00CB161C /* UserMainPanel.swift */,
			);
			path = User;
			sourceTree = "<group>";
		};
		45669BCC2B10EA72000FA293 = {
			isa = PBXGroup;
			children = (
				45669BD72B10EA72000FA293 /* Pontentique */,
				45669BD62B10EA72000FA293 /* Products */,
			);
			sourceTree = "<group>";
		};
		45669BD62B10EA72000FA293 /* Products */ = {
			isa = PBXGroup;
			children = (
				45669BD52B10EA72000FA293 /* Pontentique.app */,
			);
			name = Products;
			sourceTree = "<group>";
		};
		45669BD72B10EA72000FA293 /* Pontentique */ = {
			isa = PBXGroup;
			children = (
				4525C66E2B16560800B2A799 /* PontentiqueRelease.entitlements */,
				4525C66D2B164C4700B2A799 /* Info.plist */,
				45669BD82B10EA72000FA293 /* PontentiqueApp.swift */,
				45669BF22B111C95000FA293 /* Model */,
				45669BF12B111C84000FA293 /* Controllers */,
				45669BE82B10ECE0000FA293 /* Views */,
				455F82AD2B30AF3300CB161C /* Helpers */,
				45669BDC2B10EA74000FA293 /* Assets.xcassets */,
				45E9318F2B34CD6E003BED3A /* EventExampleData.json */,
				455F82BB2B30D64800CB161C /* RowExampleData.json */,
				455F82BD2B30DAA100CB161C /* ReportExampleData.json */,
				45669BDE2B10EA74000FA293 /* Pontentique.entitlements */,
				45669BDF2B10EA74000FA293 /* Preview Content */,
			);
			path = Pontentique;
			sourceTree = "<group>";
		};
		45669BDF2B10EA74000FA293 /* Preview Content */ = {
			isa = PBXGroup;
			children = (
				45669BE02B10EA74000FA293 /* Preview Assets.xcassets */,
			);
			path = "Preview Content";
			sourceTree = "<group>";
		};
		45669BE82B10ECE0000FA293 /* Views */ = {
			isa = PBXGroup;
			children = (
				45669BDA2B10EA72000FA293 /* ContentView.swift */,
				45669BEB2B10FDC8000FA293 /* LoginScreen.swift */,
				455F82A32B2B6E9B00CB161C /* RegisterScreen.swift */,
				45E9318D2B34BFDB003BED3A /* EditEventView.swift */,
				8BE7B2F82B599034004B6B6D /* AddEventView.swift */,
				457DA0222B5B10BC000167A2 /* Admin */,
				455F82C12B31F9D700CB161C /* User */,
			);
			path = Views;
			sourceTree = "<group>";
		};
		45669BF12B111C84000FA293 /* Controllers */ = {
			isa = PBXGroup;
			children = (
				45E931892B3346E2003BED3A /* ClockReportController.swift */,
				45E931852B331EEF003BED3A /* ClockPunchController.swift */,
				451887362B36141400C692F9 /* ClockEventController.swift */,
				451E31A32B61545100390880 /* TicketController.swift */,
				457DA01C2B5AE25C000167A2 /* UserController.swift */,
				4525C66B2B16458C00B2A799 /* AuthController.swift */,
				45E931872B33204F003BED3A /* ErrorController.swift */,
				451887482B4F0AC000C692F9 /* DataFetcherController.swift */,
				4506CE262B501A1100DCAD9A /* DateFormatterController.swift */,
				8BE7B30C2B614AC7004B6B6D /* StatusController.swift */,
			);
			path = Controllers;
			sourceTree = "<group>";
		};
		45669BF22B111C95000FA293 /* Model */ = {
			isa = PBXGroup;
			children = (
				456A83712B59ACBC0086A4E3 /* User.swift */,
				455F82A72B2C8E7700CB161C /* UserSession.swift */,
				45E931832B321EBD003BED3A /* UserSessionManager.swift */,
				455F82B02B30B0A700CB161C /* ClockEvent.swift */,
				455F82B22B30B20500CB161C /* ClockEntry.swift */,
				455F82B42B30B5EC00CB161C /* ClockReport.swift */,
				451E31A52B6155F400390880 /* Ticket.swift */,
			);
			path = Model;
			sourceTree = "<group>";
		};
		457DA0222B5B10BC000167A2 /* Admin */ = {
			isa = PBXGroup;
			children = (
				457DA0202B5B0356000167A2 /* AdminMainPanel.swift */,
				8B09429C2B56F51D00F206C0 /* AdminReportPainel.swift */,
				8B59EC812B58431600B10E40 /* AdminRequestMainPanel.swift */,
				8B59EC832B5962FF00B10E40 /* AdminUsersMainPainel.swift */,
				8BE7B3002B59A090004B6B6D /* AdminEditUser.swift */,
				457DA0272B5EB070000167A2 /* AdminAddEventDateView.swift */,
			);
			path = Admin;
			sourceTree = "<group>";
		};
/* End PBXGroup section */

/* Begin PBXNativeTarget section */
		45669BD42B10EA72000FA293 /* Pontentique */ = {
			isa = PBXNativeTarget;
			buildConfigurationList = 45669BE42B10EA74000FA293 /* Build configuration list for PBXNativeTarget "Pontentique" */;
			buildPhases = (
				45669BD12B10EA72000FA293 /* Sources */,
				45669BD22B10EA72000FA293 /* Frameworks */,
				45669BD32B10EA72000FA293 /* Resources */,
			);
			buildRules = (
			);
			dependencies = (
			);
			name = Pontentique;
			productName = Pontentique;
			productReference = 45669BD52B10EA72000FA293 /* Pontentique.app */;
			productType = "com.apple.product-type.application";
		};
/* End PBXNativeTarget section */

/* Begin PBXProject section */
		45669BCD2B10EA72000FA293 /* Project object */ = {
			isa = PBXProject;
			attributes = {
				BuildIndependentTargetsInParallel = 1;
				LastSwiftUpdateCheck = 1500;
				LastUpgradeCheck = 1500;
				TargetAttributes = {
					45669BD42B10EA72000FA293 = {
						CreatedOnToolsVersion = 15.0.1;
					};
				};
			};
			buildConfigurationList = 45669BD02B10EA72000FA293 /* Build configuration list for PBXProject "Pontentique" */;
			compatibilityVersion = "Xcode 14.0";
			developmentRegion = en;
			hasScannedForEncodings = 0;
			knownRegions = (
				en,
				Base,
			);
			mainGroup = 45669BCC2B10EA72000FA293;
			productRefGroup = 45669BD62B10EA72000FA293 /* Products */;
			projectDirPath = "";
			projectRoot = "";
			targets = (
				45669BD42B10EA72000FA293 /* Pontentique */,
			);
		};
/* End PBXProject section */

/* Begin PBXResourcesBuildPhase section */
		45669BD32B10EA72000FA293 /* Resources */ = {
			isa = PBXResourcesBuildPhase;
			buildActionMask = 2147483647;
			files = (
				45669BE12B10EA74000FA293 /* Preview Assets.xcassets in Resources */,
				455F82BE2B30DAA100CB161C /* ReportExampleData.json in Resources */,
				45669BDD2B10EA74000FA293 /* Assets.xcassets in Resources */,
				45E931902B34CD6E003BED3A /* EventExampleData.json in Resources */,
				455F82BC2B30D64800CB161C /* RowExampleData.json in Resources */,
			);
			runOnlyForDeploymentPostprocessing = 0;
		};
/* End PBXResourcesBuildPhase section */

/* Begin PBXSourcesBuildPhase section */
		45669BD12B10EA72000FA293 /* Sources */ = {
			isa = PBXSourcesBuildPhase;
			buildActionMask = 2147483647;
			files = (
				45669BDB2B10EA72000FA293 /* ContentView.swift in Sources */,
				451887492B4F0AC000C692F9 /* DataFetcherController.swift in Sources */,
				8BE7B3032B5AFAFF004B6B6D /* ForEachChunk.swift in Sources */,
				457DA0262B5EA4ED000167A2 /* TimeTextField.swift in Sources */,
				45E931842B321EBD003BED3A /* UserSessionManager.swift in Sources */,
				451E31A42B61545100390880 /* TicketController.swift in Sources */,
				8B59EC822B58431600B10E40 /* AdminRequestMainPanel.swift in Sources */,
				45669BEC2B10FDC8000FA293 /* LoginScreen.swift in Sources */,
				455F82B32B30B20500CB161C /* ClockEntry.swift in Sources */,
				8B93C3992B6ABBB0009B21BD /* LoadingLoginScreenView.swift in Sources */,
				455F82AA2B307D9E00CB161C /* UserMainPanel.swift in Sources */,
				451887372B36141400C692F9 /* ClockEventController.swift in Sources */,
				4518873F2B4EFF9C00C692F9 /* EventGroup.swift in Sources */,
				455F82B52B30B5EC00CB161C /* ClockReport.swift in Sources */,
				45E9318A2B3346E2003BED3A /* ClockReportController.swift in Sources */,
				45E931862B331EEF003BED3A /* ClockPunchController.swift in Sources */,
				45E89D352B6BFF630011C2D5 /* DayOffView.swift in Sources */,
				455F82AF2B30AF6F00CB161C /* ClockTableRow.swift in Sources */,
				457DA02A2B5EB330000167A2 /* DateTextField.swift in Sources */,
				457DA0282B5EB070000167A2 /* AdminAddEventDateView.swift in Sources */,
				455F82A42B2B6E9B00CB161C /* RegisterScreen.swift in Sources */,
				8B59EC842B5962FF00B10E40 /* AdminUsersMainPainel.swift in Sources */,
				455F82B12B30B0A700CB161C /* ClockEvent.swift in Sources */,
				451887432B4F015600C692F9 /* EventChunkView.swift in Sources */,
				451E31A62B6155F400390880 /* Ticket.swift in Sources */,
				8BE7B3012B59A090004B6B6D /* AdminEditUser.swift in Sources */,
				8B09429D2B56F51D00F206C0 /* AdminReportPainel.swift in Sources */,
				45669BEA2B10FD8D000FA293 /* ColorScheme.swift in Sources */,
				4506CE252B4F220B00DCAD9A /* WeekendView.swift in Sources */,
				8BE7B2FF2B599209004B6B6D /* AddEventLinkView.swift in Sources */,
				4518873D2B4EFF0B00C692F9 /* DateText.swift in Sources */,
				451887452B4F02F100C692F9 /* AbsenceView.swift in Sources */,
				455F82B72B30D04D00CB161C /* BalanceValue.swift in Sources */,
				456A83722B59ACBC0086A4E3 /* User.swift in Sources */,
				457DA0212B5B0356000167A2 /* AdminMainPanel.swift in Sources */,
				457DA01F2B5AF2EE000167A2 /* LoadingIconView.swift in Sources */,
				8BE7B30D2B614AC7004B6B6D /* StatusController.swift in Sources */,
				45E931882B33204F003BED3A /* ErrorController.swift in Sources */,
				457DA0242B5EA273000167A2 /* UserAddEventDateView.swift in Sources */,
				8BE7B2F92B599034004B6B6D /* AddEventView.swift in Sources */,
				455F82A82B2C8E7700CB161C /* UserSession.swift in Sources */,
				451887392B4C5EE600C692F9 /* EventLinkView.swift in Sources */,
				45669BD92B10EA72000FA293 /* PontentiqueApp.swift in Sources */,
				4506CE272B501A1100DCAD9A /* DateFormatterController.swift in Sources */,
				457DA01D2B5AE25C000167A2 /* UserController.swift in Sources */,
				4525C66C2B16458C00B2A799 /* AuthController.swift in Sources */,
				8BE7B3052B5B0622004B6B6D /* EventBackgroundColor.swift in Sources */,
				45E9318E2B34BFDB003BED3A /* EditEventView.swift in Sources */,
			);
			runOnlyForDeploymentPostprocessing = 0;
		};
/* End PBXSourcesBuildPhase section */

/* Begin XCBuildConfiguration section */
		45669BE22B10EA74000FA293 /* Debug */ = {
			isa = XCBuildConfiguration;
			buildSettings = {
				ALWAYS_SEARCH_USER_PATHS = NO;
				ASSETCATALOG_COMPILER_GENERATE_SWIFT_ASSET_SYMBOL_EXTENSIONS = YES;
				CLANG_ANALYZER_NONNULL = YES;
				CLANG_ANALYZER_NUMBER_OBJECT_CONVERSION = YES_AGGRESSIVE;
				CLANG_CXX_LANGUAGE_STANDARD = "gnu++20";
				CLANG_ENABLE_MODULES = YES;
				CLANG_ENABLE_OBJC_ARC = YES;
				CLANG_ENABLE_OBJC_WEAK = YES;
				CLANG_WARN_BLOCK_CAPTURE_AUTORELEASING = YES;
				CLANG_WARN_BOOL_CONVERSION = YES;
				CLANG_WARN_COMMA = YES;
				CLANG_WARN_CONSTANT_CONVERSION = YES;
				CLANG_WARN_DEPRECATED_OBJC_IMPLEMENTATIONS = YES;
				CLANG_WARN_DIRECT_OBJC_ISA_USAGE = YES_ERROR;
				CLANG_WARN_DOCUMENTATION_COMMENTS = YES;
				CLANG_WARN_EMPTY_BODY = YES;
				CLANG_WARN_ENUM_CONVERSION = YES;
				CLANG_WARN_INFINITE_RECURSION = YES;
				CLANG_WARN_INT_CONVERSION = YES;
				CLANG_WARN_NON_LITERAL_NULL_CONVERSION = YES;
				CLANG_WARN_OBJC_IMPLICIT_RETAIN_SELF = YES;
				CLANG_WARN_OBJC_LITERAL_CONVERSION = YES;
				CLANG_WARN_OBJC_ROOT_CLASS = YES_ERROR;
				CLANG_WARN_QUOTED_INCLUDE_IN_FRAMEWORK_HEADER = YES;
				CLANG_WARN_RANGE_LOOP_ANALYSIS = YES;
				CLANG_WARN_STRICT_PROTOTYPES = YES;
				CLANG_WARN_SUSPICIOUS_MOVE = YES;
				CLANG_WARN_UNGUARDED_AVAILABILITY = YES_AGGRESSIVE;
				CLANG_WARN_UNREACHABLE_CODE = YES;
				CLANG_WARN__DUPLICATE_METHOD_MATCH = YES;
				COPY_PHASE_STRIP = NO;
				DEBUG_INFORMATION_FORMAT = dwarf;
				ENABLE_STRICT_OBJC_MSGSEND = YES;
				ENABLE_TESTABILITY = YES;
				ENABLE_USER_SCRIPT_SANDBOXING = YES;
				GCC_C_LANGUAGE_STANDARD = gnu17;
				GCC_DYNAMIC_NO_PIC = NO;
				GCC_NO_COMMON_BLOCKS = YES;
				GCC_OPTIMIZATION_LEVEL = 0;
				GCC_PREPROCESSOR_DEFINITIONS = (
					"DEBUG=1",
					"$(inherited)",
				);
				GCC_WARN_64_TO_32_BIT_CONVERSION = YES;
				GCC_WARN_ABOUT_RETURN_TYPE = YES_ERROR;
				GCC_WARN_UNDECLARED_SELECTOR = YES;
				GCC_WARN_UNINITIALIZED_AUTOS = YES_AGGRESSIVE;
				GCC_WARN_UNUSED_FUNCTION = YES;
				GCC_WARN_UNUSED_VARIABLE = YES;
				LOCALIZATION_PREFERS_STRING_CATALOGS = YES;
				MTL_ENABLE_DEBUG_INFO = INCLUDE_SOURCE;
				MTL_FAST_MATH = YES;
				ONLY_ACTIVE_ARCH = YES;
				SWIFT_ACTIVE_COMPILATION_CONDITIONS = "DEBUG $(inherited)";
				SWIFT_OPTIMIZATION_LEVEL = "-Onone";
			};
			name = Debug;
		};
		45669BE32B10EA74000FA293 /* Release */ = {
			isa = XCBuildConfiguration;
			buildSettings = {
				ALWAYS_SEARCH_USER_PATHS = NO;
				ASSETCATALOG_COMPILER_GENERATE_SWIFT_ASSET_SYMBOL_EXTENSIONS = YES;
				CLANG_ANALYZER_NONNULL = YES;
				CLANG_ANALYZER_NUMBER_OBJECT_CONVERSION = YES_AGGRESSIVE;
				CLANG_CXX_LANGUAGE_STANDARD = "gnu++20";
				CLANG_ENABLE_MODULES = YES;
				CLANG_ENABLE_OBJC_ARC = YES;
				CLANG_ENABLE_OBJC_WEAK = YES;
				CLANG_WARN_BLOCK_CAPTURE_AUTORELEASING = YES;
				CLANG_WARN_BOOL_CONVERSION = YES;
				CLANG_WARN_COMMA = YES;
				CLANG_WARN_CONSTANT_CONVERSION = YES;
				CLANG_WARN_DEPRECATED_OBJC_IMPLEMENTATIONS = YES;
				CLANG_WARN_DIRECT_OBJC_ISA_USAGE = YES_ERROR;
				CLANG_WARN_DOCUMENTATION_COMMENTS = YES;
				CLANG_WARN_EMPTY_BODY = YES;
				CLANG_WARN_ENUM_CONVERSION = YES;
				CLANG_WARN_INFINITE_RECURSION = YES;
				CLANG_WARN_INT_CONVERSION = YES;
				CLANG_WARN_NON_LITERAL_NULL_CONVERSION = YES;
				CLANG_WARN_OBJC_IMPLICIT_RETAIN_SELF = YES;
				CLANG_WARN_OBJC_LITERAL_CONVERSION = YES;
				CLANG_WARN_OBJC_ROOT_CLASS = YES_ERROR;
				CLANG_WARN_QUOTED_INCLUDE_IN_FRAMEWORK_HEADER = YES;
				CLANG_WARN_RANGE_LOOP_ANALYSIS = YES;
				CLANG_WARN_STRICT_PROTOTYPES = YES;
				CLANG_WARN_SUSPICIOUS_MOVE = YES;
				CLANG_WARN_UNGUARDED_AVAILABILITY = YES_AGGRESSIVE;
				CLANG_WARN_UNREACHABLE_CODE = YES;
				CLANG_WARN__DUPLICATE_METHOD_MATCH = YES;
				COPY_PHASE_STRIP = NO;
				DEBUG_INFORMATION_FORMAT = "dwarf-with-dsym";
				ENABLE_NS_ASSERTIONS = NO;
				ENABLE_STRICT_OBJC_MSGSEND = YES;
				ENABLE_USER_SCRIPT_SANDBOXING = YES;
				GCC_C_LANGUAGE_STANDARD = gnu17;
				GCC_NO_COMMON_BLOCKS = YES;
				GCC_WARN_64_TO_32_BIT_CONVERSION = YES;
				GCC_WARN_ABOUT_RETURN_TYPE = YES_ERROR;
				GCC_WARN_UNDECLARED_SELECTOR = YES;
				GCC_WARN_UNINITIALIZED_AUTOS = YES_AGGRESSIVE;
				GCC_WARN_UNUSED_FUNCTION = YES;
				GCC_WARN_UNUSED_VARIABLE = YES;
				LOCALIZATION_PREFERS_STRING_CATALOGS = YES;
				MTL_ENABLE_DEBUG_INFO = NO;
				MTL_FAST_MATH = YES;
				SWIFT_COMPILATION_MODE = wholemodule;
			};
			name = Release;
		};
		45669BE52B10EA74000FA293 /* Debug */ = {
			isa = XCBuildConfiguration;
			buildSettings = {
				ASSETCATALOG_COMPILER_APPICON_NAME = AppIcon;
				ASSETCATALOG_COMPILER_GLOBAL_ACCENT_COLOR_NAME = AccentColor;
				CODE_SIGN_ENTITLEMENTS = Pontentique/Pontentique.entitlements;
				CODE_SIGN_IDENTITY = "Apple Development";
				CODE_SIGN_STYLE = Automatic;
				CURRENT_PROJECT_VERSION = 1;
				DEVELOPMENT_ASSET_PATHS = "\"Pontentique/Preview Content\"";
				DEVELOPMENT_TEAM = 64943FXVY7;
				ENABLE_HARDENED_RUNTIME = YES;
				ENABLE_PREVIEWS = YES;
				GENERATE_INFOPLIST_FILE = YES;
				INFOPLIST_FILE = Pontentique/Info.plist;
				INFOPLIST_KEY_LSApplicationCategoryType = "public.app-category.productivity";
				INFOPLIST_KEY_NSLocalNetworkUsageDescription = "O aplicativo precisa acessar a máquina de ponto";
				"INFOPLIST_KEY_UIApplicationSceneManifest_Generation[sdk=iphoneos*]" = YES;
				"INFOPLIST_KEY_UIApplicationSceneManifest_Generation[sdk=iphonesimulator*]" = YES;
				"INFOPLIST_KEY_UIApplicationSupportsIndirectInputEvents[sdk=iphoneos*]" = YES;
				"INFOPLIST_KEY_UIApplicationSupportsIndirectInputEvents[sdk=iphonesimulator*]" = YES;
				"INFOPLIST_KEY_UILaunchScreen_Generation[sdk=iphoneos*]" = YES;
				"INFOPLIST_KEY_UILaunchScreen_Generation[sdk=iphonesimulator*]" = YES;
				"INFOPLIST_KEY_UIStatusBarStyle[sdk=iphoneos*]" = UIStatusBarStyleDefault;
				"INFOPLIST_KEY_UIStatusBarStyle[sdk=iphonesimulator*]" = UIStatusBarStyleDefault;
				INFOPLIST_KEY_UISupportedInterfaceOrientations = "UIInterfaceOrientationLandscapeLeft UIInterfaceOrientationLandscapeRight UIInterfaceOrientationPortrait UIInterfaceOrientationPortraitUpsideDown UIInterfaceOriÍentationPortraitUpsideDown";
				IPHONEOS_DEPLOYMENT_TARGET = 17.0;
				LD_RUNPATH_SEARCH_PATHS = "@executable_path/Frameworks";
				"LD_RUNPATH_SEARCH_PATHS[sdk=macosx*]" = "@executable_path/../Frameworks";
				MACOSX_DEPLOYMENT_TARGET = 14.0;
				MARKETING_VERSION = 1.1.2;
				PRODUCT_BUNDLE_IDENTIFIER = autentique.Pontentique;
				PRODUCT_NAME = "$(TARGET_NAME)";
				PROVISIONING_PROFILE_SPECIFIER = "";
				SDKROOT = auto;
				SUPPORTED_PLATFORMS = "iphoneos iphonesimulator macosx";
				SUPPORTS_MACCATALYST = NO;
				SWIFT_EMIT_LOC_STRINGS = YES;
				SWIFT_VERSION = 5.0;
				TARGETED_DEVICE_FAMILY = 1;
			};
			name = Debug;
		};
		45669BE62B10EA74000FA293 /* Release */ = {
			isa = XCBuildConfiguration;
			buildSettings = {
				ASSETCATALOG_COMPILER_APPICON_NAME = AppIcon;
				ASSETCATALOG_COMPILER_GLOBAL_ACCENT_COLOR_NAME = AccentColor;
				CODE_SIGN_ENTITLEMENTS = Pontentique/PontentiqueRelease.entitlements;
				CODE_SIGN_IDENTITY = "Apple Development";
				"CODE_SIGN_IDENTITY[sdk=macosx*]" = "Apple Development";
				CODE_SIGN_STYLE = Automatic;
				CURRENT_PROJECT_VERSION = 1;
				DEVELOPMENT_ASSET_PATHS = "\"Pontentique/Preview Content\"";
				DEVELOPMENT_TEAM = 64943FXVY7;
				ENABLE_HARDENED_RUNTIME = YES;
				ENABLE_PREVIEWS = YES;
				GENERATE_INFOPLIST_FILE = YES;
				INFOPLIST_FILE = Pontentique/Info.plist;
				INFOPLIST_KEY_LSApplicationCategoryType = "public.app-category.productivity";
				INFOPLIST_KEY_NSLocalNetworkUsageDescription = "O aplicativo precisa acessar a máquina de ponto";
				"INFOPLIST_KEY_UIApplicationSceneManifest_Generation[sdk=iphoneos*]" = YES;
				"INFOPLIST_KEY_UIApplicationSceneManifest_Generation[sdk=iphonesimulator*]" = YES;
				"INFOPLIST_KEY_UIApplicationSupportsIndirectInputEvents[sdk=iphoneos*]" = YES;
				"INFOPLIST_KEY_UIApplicationSupportsIndirectInputEvents[sdk=iphonesimulator*]" = YES;
				"INFOPLIST_KEY_UILaunchScreen_Generation[sdk=iphoneos*]" = YES;
				"INFOPLIST_KEY_UILaunchScreen_Generation[sdk=iphonesimulator*]" = YES;
				"INFOPLIST_KEY_UIStatusBarStyle[sdk=iphoneos*]" = UIStatusBarStyleDefault;
				"INFOPLIST_KEY_UIStatusBarStyle[sdk=iphonesimulator*]" = UIStatusBarStyleDefault;
				INFOPLIST_KEY_UISupportedInterfaceOrientations = "UIInterfaceOrientationLandscapeLeft UIInterfaceOrientationLandscapeRight UIInterfaceOrientationPortrait UIInterfaceOrientationPortraitUpsideDown UIInterfaceOriÍentationPortraitUpsideDown";
				IPHONEOS_DEPLOYMENT_TARGET = 17.0;
				LD_RUNPATH_SEARCH_PATHS = "@executable_path/Frameworks";
				"LD_RUNPATH_SEARCH_PATHS[sdk=macosx*]" = "@executable_path/../Frameworks";
				MACOSX_DEPLOYMENT_TARGET = 14.0;
				MARKETING_VERSION = 1.1.2;
				PRODUCT_BUNDLE_IDENTIFIER = br.com.autentique.pontentique;
				PRODUCT_NAME = "$(TARGET_NAME)";
				PROVISIONING_PROFILE_SPECIFIER = "";
				SDKROOT = auto;
				SUPPORTED_PLATFORMS = "iphoneos iphonesimulator macosx";
				SUPPORTS_MACCATALYST = NO;
				SWIFT_EMIT_LOC_STRINGS = YES;
				SWIFT_VERSION = 5.0;
				TARGETED_DEVICE_FAMILY = 1;
			};
			name = Release;
		};
/* End XCBuildConfiguration section */

/* Begin XCConfigurationList section */
		45669BD02B10EA72000FA293 /* Build configuration list for PBXProject "Pontentique" */ = {
			isa = XCConfigurationList;
			buildConfigurations = (
				45669BE22B10EA74000FA293 /* Debug */,
				45669BE32B10EA74000FA293 /* Release */,
			);
			defaultConfigurationIsVisible = 0;
			defaultConfigurationName = Release;
		};
		45669BE42B10EA74000FA293 /* Build configuration list for PBXNativeTarget "Pontentique" */ = {
			isa = XCConfigurationList;
			buildConfigurations = (
				45669BE52B10EA74000FA293 /* Debug */,
				45669BE62B10EA74000FA293 /* Release */,
			);
			defaultConfigurationIsVisible = 0;
			defaultConfigurationName = Release;
		};
/* End XCConfigurationList section */
	};
	rootObject = 45669BCD2B10EA72000FA293 /* Project object */;
}
