// !$*UTF8*$!
{
	archiveVersion = 1;
	classes = {
	};
	objectVersion = 56;
	objects = {

/* Begin PBXBuildFile section */
		4525C6682B16411300B2A799 /* Errors.swift in Sources */ = {isa = PBXBuildFile; fileRef = 4525C6672B16411300B2A799 /* Errors.swift */; };
		4525C66C2B16458C00B2A799 /* LoginViewController.swift in Sources */ = {isa = PBXBuildFile; fileRef = 4525C66B2B16458C00B2A799 /* LoginViewController.swift */; };
		4525C6702B165E0B00B2A799 /* SessionDelegate.swift in Sources */ = {isa = PBXBuildFile; fileRef = 4525C66F2B165E0B00B2A799 /* SessionDelegate.swift */; };
		4525C6722B166F1600B2A799 /* ValidateSession.swift in Sources */ = {isa = PBXBuildFile; fileRef = 4525C6712B166F1600B2A799 /* ValidateSession.swift */; };
		455C07792B1516A30055723C /* ValidateLogin.swift in Sources */ = {isa = PBXBuildFile; fileRef = 455C07782B1516A30055723C /* ValidateLogin.swift */; };
		455C077B2B162B4A0055723C /* aaa_debug.swift in Sources */ = {isa = PBXBuildFile; fileRef = 455C077A2B162B490055723C /* aaa_debug.swift */; };
		45669BD92B10EA72000FA293 /* PontentiqueApp.swift in Sources */ = {isa = PBXBuildFile; fileRef = 45669BD82B10EA72000FA293 /* PontentiqueApp.swift */; };
		45669BDB2B10EA72000FA293 /* ContentView.swift in Sources */ = {isa = PBXBuildFile; fileRef = 45669BDA2B10EA72000FA293 /* ContentView.swift */; };
		45669BDD2B10EA74000FA293 /* Assets.xcassets in Resources */ = {isa = PBXBuildFile; fileRef = 45669BDC2B10EA74000FA293 /* Assets.xcassets */; };
		45669BE12B10EA74000FA293 /* Preview Assets.xcassets in Resources */ = {isa = PBXBuildFile; fileRef = 45669BE02B10EA74000FA293 /* Preview Assets.xcassets */; };
		45669BEA2B10FD8D000FA293 /* ColorScheme.swift in Sources */ = {isa = PBXBuildFile; fileRef = 45669BE92B10FD8D000FA293 /* ColorScheme.swift */; };
		45669BEC2B10FDC8000FA293 /* LoginScreen.swift in Sources */ = {isa = PBXBuildFile; fileRef = 45669BEB2B10FDC8000FA293 /* LoginScreen.swift */; };
		45669BEE2B111294000FA293 /* MainPanel.swift in Sources */ = {isa = PBXBuildFile; fileRef = 45669BED2B111294000FA293 /* MainPanel.swift */; };
		45669BF42B111CA7000FA293 /* SessionInfo.swift in Sources */ = {isa = PBXBuildFile; fileRef = 45669BF32B111CA7000FA293 /* SessionInfo.swift */; };
/* End PBXBuildFile section */

/* Begin PBXFileReference section */
		4525C6672B16411300B2A799 /* Errors.swift */ = {isa = PBXFileReference; lastKnownFileType = sourcecode.swift; path = Errors.swift; sourceTree = "<group>"; };
		4525C66B2B16458C00B2A799 /* LoginViewController.swift */ = {isa = PBXFileReference; lastKnownFileType = sourcecode.swift; path = LoginViewController.swift; sourceTree = "<group>"; };
		4525C66D2B164C4700B2A799 /* Info.plist */ = {isa = PBXFileReference; lastKnownFileType = text.plist; path = Info.plist; sourceTree = "<group>"; };
		4525C66E2B16560800B2A799 /* PontentiqueRelease.entitlements */ = {isa = PBXFileReference; lastKnownFileType = text.plist.entitlements; path = PontentiqueRelease.entitlements; sourceTree = "<group>"; };
		4525C66F2B165E0B00B2A799 /* SessionDelegate.swift */ = {isa = PBXFileReference; lastKnownFileType = sourcecode.swift; path = SessionDelegate.swift; sourceTree = "<group>"; };
		4525C6712B166F1600B2A799 /* ValidateSession.swift */ = {isa = PBXFileReference; lastKnownFileType = sourcecode.swift; path = ValidateSession.swift; sourceTree = "<group>"; };
		455C07782B1516A30055723C /* ValidateLogin.swift */ = {isa = PBXFileReference; lastKnownFileType = sourcecode.swift; path = ValidateLogin.swift; sourceTree = "<group>"; };
		455C077A2B162B490055723C /* aaa_debug.swift */ = {isa = PBXFileReference; lastKnownFileType = sourcecode.swift; path = aaa_debug.swift; sourceTree = "<group>"; };
		45669BD52B10EA72000FA293 /* Pontentique.app */ = {isa = PBXFileReference; explicitFileType = wrapper.application; includeInIndex = 0; path = Pontentique.app; sourceTree = BUILT_PRODUCTS_DIR; };
		45669BD82B10EA72000FA293 /* PontentiqueApp.swift */ = {isa = PBXFileReference; lastKnownFileType = sourcecode.swift; path = PontentiqueApp.swift; sourceTree = "<group>"; };
		45669BDA2B10EA72000FA293 /* ContentView.swift */ = {isa = PBXFileReference; lastKnownFileType = sourcecode.swift; path = ContentView.swift; sourceTree = "<group>"; };
		45669BDC2B10EA74000FA293 /* Assets.xcassets */ = {isa = PBXFileReference; lastKnownFileType = folder.assetcatalog; path = Assets.xcassets; sourceTree = "<group>"; };
		45669BDE2B10EA74000FA293 /* Pontentique.entitlements */ = {isa = PBXFileReference; lastKnownFileType = text.plist.entitlements; path = Pontentique.entitlements; sourceTree = "<group>"; };
		45669BE02B10EA74000FA293 /* Preview Assets.xcassets */ = {isa = PBXFileReference; lastKnownFileType = folder.assetcatalog; path = "Preview Assets.xcassets"; sourceTree = "<group>"; };
		45669BE92B10FD8D000FA293 /* ColorScheme.swift */ = {isa = PBXFileReference; lastKnownFileType = sourcecode.swift; path = ColorScheme.swift; sourceTree = "<group>"; };
		45669BEB2B10FDC8000FA293 /* LoginScreen.swift */ = {isa = PBXFileReference; lastKnownFileType = sourcecode.swift; path = LoginScreen.swift; sourceTree = "<group>"; };
		45669BED2B111294000FA293 /* MainPanel.swift */ = {isa = PBXFileReference; lastKnownFileType = sourcecode.swift; path = MainPanel.swift; sourceTree = "<group>"; };
		45669BF32B111CA7000FA293 /* SessionInfo.swift */ = {isa = PBXFileReference; lastKnownFileType = sourcecode.swift; path = SessionInfo.swift; sourceTree = "<group>"; };
/* End PBXFileReference section */

/* Begin PBXFrameworksBuildPhase section */
		45669BD22B10EA72000FA293 /* Frameworks */ = {
			isa = PBXFrameworksBuildPhase;
			buildActionMask = 2147483647;
			files = (
			);
			runOnlyForDeploymentPostprocessing = 0;
		};
/* End PBXFrameworksBuildPhase section */

/* Begin PBXGroup section */
		45669BCC2B10EA72000FA293 = {
			isa = PBXGroup;
			children = (
				45669BD72B10EA72000FA293 /* Pontentique */,
				45669BD62B10EA72000FA293 /* Products */,
			);
			sourceTree = "<group>";
		};
		45669BD62B10EA72000FA293 /* Products */ = {
			isa = PBXGroup;
			children = (
				45669BD52B10EA72000FA293 /* Pontentique.app */,
			);
			name = Products;
			sourceTree = "<group>";
		};
		45669BD72B10EA72000FA293 /* Pontentique */ = {
			isa = PBXGroup;
			children = (
				4525C66E2B16560800B2A799 /* PontentiqueRelease.entitlements */,
				4525C66D2B164C4700B2A799 /* Info.plist */,
				45669BD82B10EA72000FA293 /* PontentiqueApp.swift */,
				45669BF22B111C95000FA293 /* Model */,
				45669BF12B111C84000FA293 /* Controlers */,
				45669BE82B10ECE0000FA293 /* Views */,
				45669BDC2B10EA74000FA293 /* Assets.xcassets */,
				45669BDE2B10EA74000FA293 /* Pontentique.entitlements */,
				45669BDF2B10EA74000FA293 /* Preview Content */,
			);
			path = Pontentique;
			sourceTree = "<group>";
		};
		45669BDF2B10EA74000FA293 /* Preview Content */ = {
			isa = PBXGroup;
			children = (
				45669BE02B10EA74000FA293 /* Preview Assets.xcassets */,
			);
			path = "Preview Content";
			sourceTree = "<group>";
		};
		45669BE82B10ECE0000FA293 /* Views */ = {
			isa = PBXGroup;
			children = (
				455C077A2B162B490055723C /* aaa_debug.swift */,
				45669BDA2B10EA72000FA293 /* ContentView.swift */,
				45669BEB2B10FDC8000FA293 /* LoginScreen.swift */,
				45669BED2B111294000FA293 /* MainPanel.swift */,
				45669BE92B10FD8D000FA293 /* ColorScheme.swift */,
			);
			path = Views;
			sourceTree = "<group>";
		};
		45669BF12B111C84000FA293 /* Controlers */ = {
			isa = PBXGroup;
			children = (
				4525C66B2B16458C00B2A799 /* LoginViewController.swift */,
			);
			path = Controlers;
			sourceTree = "<group>";
		};
		45669BF22B111C95000FA293 /* Model */ = {
			isa = PBXGroup;
			children = (
				45669BF32B111CA7000FA293 /* SessionInfo.swift */,
				455C07782B1516A30055723C /* ValidateLogin.swift */,
				4525C6712B166F1600B2A799 /* ValidateSession.swift */,
				4525C66F2B165E0B00B2A799 /* SessionDelegate.swift */,
				4525C6672B16411300B2A799 /* Errors.swift */,
			);
			path = Model;
			sourceTree = "<group>";
		};
/* End PBXGroup section */

/* Begin PBXNativeTarget section */
		45669BD42B10EA72000FA293 /* Pontentique */ = {
			isa = PBXNativeTarget;
			buildConfigurationList = 45669BE42B10EA74000FA293 /* Build configuration list for PBXNativeTarget "Pontentique" */;
			buildPhases = (
				45669BD12B10EA72000FA293 /* Sources */,
				45669BD22B10EA72000FA293 /* Frameworks */,
				45669BD32B10EA72000FA293 /* Resources */,
			);
			buildRules = (
			);
			dependencies = (
			);
			name = Pontentique;
			productName = Pontentique;
			productReference = 45669BD52B10EA72000FA293 /* Pontentique.app */;
			productType = "com.apple.product-type.application";
		};
/* End PBXNativeTarget section */

/* Begin PBXProject section */
		45669BCD2B10EA72000FA293 /* Project object */ = {
			isa = PBXProject;
			attributes = {
				BuildIndependentTargetsInParallel = 1;
				LastSwiftUpdateCheck = 1500;
				LastUpgradeCheck = 1500;
				TargetAttributes = {
					45669BD42B10EA72000FA293 = {
						CreatedOnToolsVersion = 15.0.1;
					};
				};
			};
			buildConfigurationList = 45669BD02B10EA72000FA293 /* Build configuration list for PBXProject "Pontentique" */;
			compatibilityVersion = "Xcode 14.0";
			developmentRegion = en;
			hasScannedForEncodings = 0;
			knownRegions = (
				en,
				Base,
			);
			mainGroup = 45669BCC2B10EA72000FA293;
			productRefGroup = 45669BD62B10EA72000FA293 /* Products */;
			projectDirPath = "";
			projectRoot = "";
			targets = (
				45669BD42B10EA72000FA293 /* Pontentique */,
			);
		};
/* End PBXProject section */

/* Begin PBXResourcesBuildPhase section */
		45669BD32B10EA72000FA293 /* Resources */ = {
			isa = PBXResourcesBuildPhase;
			buildActionMask = 2147483647;
			files = (
				45669BE12B10EA74000FA293 /* Preview Assets.xcassets in Resources */,
				45669BDD2B10EA74000FA293 /* Assets.xcassets in Resources */,
			);
			runOnlyForDeploymentPostprocessing = 0;
		};
/* End PBXResourcesBuildPhase section */

/* Begin PBXSourcesBuildPhase section */
		45669BD12B10EA72000FA293 /* Sources */ = {
			isa = PBXSourcesBuildPhase;
			buildActionMask = 2147483647;
			files = (
				45669BDB2B10EA72000FA293 /* ContentView.swift in Sources */,
				45669BEC2B10FDC8000FA293 /* LoginScreen.swift in Sources */,
				4525C6702B165E0B00B2A799 /* SessionDelegate.swift in Sources */,
				455C07792B1516A30055723C /* ValidateLogin.swift in Sources */,
				45669BEA2B10FD8D000FA293 /* ColorScheme.swift in Sources */,
				45669BF42B111CA7000FA293 /* SessionInfo.swift in Sources */,
				455C077B2B162B4A0055723C /* aaa_debug.swift in Sources */,
				45669BEE2B111294000FA293 /* MainPanel.swift in Sources */,
				4525C6682B16411300B2A799 /* Errors.swift in Sources */,
				45669BD92B10EA72000FA293 /* PontentiqueApp.swift in Sources */,
				4525C6722B166F1600B2A799 /* ValidateSession.swift in Sources */,
				4525C66C2B16458C00B2A799 /* LoginViewController.swift in Sources */,
			);
			runOnlyForDeploymentPostprocessing = 0;
		};
/* End PBXSourcesBuildPhase section */

/* Begin XCBuildConfiguration section */
		45669BE22B10EA74000FA293 /* Debug */ = {
			isa = XCBuildConfiguration;
			buildSettings = {
				ALWAYS_SEARCH_USER_PATHS = NO;
				ASSETCATALOG_COMPILER_GENERATE_SWIFT_ASSET_SYMBOL_EXTENSIONS = YES;
				CLANG_ANALYZER_NONNULL = YES;
				CLANG_ANALYZER_NUMBER_OBJECT_CONVERSION = YES_AGGRESSIVE;
				CLANG_CXX_LANGUAGE_STANDARD = "gnu++20";
				CLANG_ENABLE_MODULES = YES;
				CLANG_ENABLE_OBJC_ARC = YES;
				CLANG_ENABLE_OBJC_WEAK = YES;
				CLANG_WARN_BLOCK_CAPTURE_AUTORELEASING = YES;
				CLANG_WARN_BOOL_CONVERSION = YES;
				CLANG_WARN_COMMA = YES;
				CLANG_WARN_CONSTANT_CONVERSION = YES;
				CLANG_WARN_DEPRECATED_OBJC_IMPLEMENTATIONS = YES;
				CLANG_WARN_DIRECT_OBJC_ISA_USAGE = YES_ERROR;
				CLANG_WARN_DOCUMENTATION_COMMENTS = YES;
				CLANG_WARN_EMPTY_BODY = YES;
				CLANG_WARN_ENUM_CONVERSION = YES;
				CLANG_WARN_INFINITE_RECURSION = YES;
				CLANG_WARN_INT_CONVERSION = YES;
				CLANG_WARN_NON_LITERAL_NULL_CONVERSION = YES;
				CLANG_WARN_OBJC_IMPLICIT_RETAIN_SELF = YES;
				CLANG_WARN_OBJC_LITERAL_CONVERSION = YES;
				CLANG_WARN_OBJC_ROOT_CLASS = YES_ERROR;
				CLANG_WARN_QUOTED_INCLUDE_IN_FRAMEWORK_HEADER = YES;
				CLANG_WARN_RANGE_LOOP_ANALYSIS = YES;
				CLANG_WARN_STRICT_PROTOTYPES = YES;
				CLANG_WARN_SUSPICIOUS_MOVE = YES;
				CLANG_WARN_UNGUARDED_AVAILABILITY = YES_AGGRESSIVE;
				CLANG_WARN_UNREACHABLE_CODE = YES;
				CLANG_WARN__DUPLICATE_METHOD_MATCH = YES;
				COPY_PHASE_STRIP = NO;
				DEBUG_INFORMATION_FORMAT = dwarf;
				ENABLE_STRICT_OBJC_MSGSEND = YES;
				ENABLE_TESTABILITY = YES;
				ENABLE_USER_SCRIPT_SANDBOXING = YES;
				GCC_C_LANGUAGE_STANDARD = gnu17;
				GCC_DYNAMIC_NO_PIC = NO;
				GCC_NO_COMMON_BLOCKS = YES;
				GCC_OPTIMIZATION_LEVEL = 0;
				GCC_PREPROCESSOR_DEFINITIONS = (
					"DEBUG=1",
					"$(inherited)",
				);
				GCC_WARN_64_TO_32_BIT_CONVERSION = YES;
				GCC_WARN_ABOUT_RETURN_TYPE = YES_ERROR;
				GCC_WARN_UNDECLARED_SELECTOR = YES;
				GCC_WARN_UNINITIALIZED_AUTOS = YES_AGGRESSIVE;
				GCC_WARN_UNUSED_FUNCTION = YES;
				GCC_WARN_UNUSED_VARIABLE = YES;
				LOCALIZATION_PREFERS_STRING_CATALOGS = YES;
				MTL_ENABLE_DEBUG_INFO = INCLUDE_SOURCE;
				MTL_FAST_MATH = YES;
				ONLY_ACTIVE_ARCH = YES;
				SWIFT_ACTIVE_COMPILATION_CONDITIONS = "DEBUG $(inherited)";
				SWIFT_OPTIMIZATION_LEVEL = "-Onone";
			};
			name = Debug;
		};
		45669BE32B10EA74000FA293 /* Release */ = {
			isa = XCBuildConfiguration;
			buildSettings = {
				ALWAYS_SEARCH_USER_PATHS = NO;
				ASSETCATALOG_COMPILER_GENERATE_SWIFT_ASSET_SYMBOL_EXTENSIONS = YES;
				CLANG_ANALYZER_NONNULL = YES;
				CLANG_ANALYZER_NUMBER_OBJECT_CONVERSION = YES_AGGRESSIVE;
				CLANG_CXX_LANGUAGE_STANDARD = "gnu++20";
				CLANG_ENABLE_MODULES = YES;
				CLANG_ENABLE_OBJC_ARC = YES;
				CLANG_ENABLE_OBJC_WEAK = YES;
				CLANG_WARN_BLOCK_CAPTURE_AUTORELEASING = YES;
				CLANG_WARN_BOOL_CONVERSION = YES;
				CLANG_WARN_COMMA = YES;
				CLANG_WARN_CONSTANT_CONVERSION = YES;
				CLANG_WARN_DEPRECATED_OBJC_IMPLEMENTATIONS = YES;
				CLANG_WARN_DIRECT_OBJC_ISA_USAGE = YES_ERROR;
				CLANG_WARN_DOCUMENTATION_COMMENTS = YES;
				CLANG_WARN_EMPTY_BODY = YES;
				CLANG_WARN_ENUM_CONVERSION = YES;
				CLANG_WARN_INFINITE_RECURSION = YES;
				CLANG_WARN_INT_CONVERSION = YES;
				CLANG_WARN_NON_LITERAL_NULL_CONVERSION = YES;
				CLANG_WARN_OBJC_IMPLICIT_RETAIN_SELF = YES;
				CLANG_WARN_OBJC_LITERAL_CONVERSION = YES;
				CLANG_WARN_OBJC_ROOT_CLASS = YES_ERROR;
				CLANG_WARN_QUOTED_INCLUDE_IN_FRAMEWORK_HEADER = YES;
				CLANG_WARN_RANGE_LOOP_ANALYSIS = YES;
				CLANG_WARN_STRICT_PROTOTYPES = YES;
				CLANG_WARN_SUSPICIOUS_MOVE = YES;
				CLANG_WARN_UNGUARDED_AVAILABILITY = YES_AGGRESSIVE;
				CLANG_WARN_UNREACHABLE_CODE = YES;
				CLANG_WARN__DUPLICATE_METHOD_MATCH = YES;
				COPY_PHASE_STRIP = NO;
				DEBUG_INFORMATION_FORMAT = "dwarf-with-dsym";
				ENABLE_NS_ASSERTIONS = NO;
				ENABLE_STRICT_OBJC_MSGSEND = YES;
				ENABLE_USER_SCRIPT_SANDBOXING = YES;
				GCC_C_LANGUAGE_STANDARD = gnu17;
				GCC_NO_COMMON_BLOCKS = YES;
				GCC_WARN_64_TO_32_BIT_CONVERSION = YES;
				GCC_WARN_ABOUT_RETURN_TYPE = YES_ERROR;
				GCC_WARN_UNDECLARED_SELECTOR = YES;
				GCC_WARN_UNINITIALIZED_AUTOS = YES_AGGRESSIVE;
				GCC_WARN_UNUSED_FUNCTION = YES;
				GCC_WARN_UNUSED_VARIABLE = YES;
				LOCALIZATION_PREFERS_STRING_CATALOGS = YES;
				MTL_ENABLE_DEBUG_INFO = NO;
				MTL_FAST_MATH = YES;
				SWIFT_COMPILATION_MODE = wholemodule;
			};
			name = Release;
		};
		45669BE52B10EA74000FA293 /* Debug */ = {
			isa = XCBuildConfiguration;
			buildSettings = {
				ASSETCATALOG_COMPILER_APPICON_NAME = AppIcon;
				ASSETCATALOG_COMPILER_GLOBAL_ACCENT_COLOR_NAME = AccentColor;
				CODE_SIGN_ENTITLEMENTS = Pontentique/Pontentique.entitlements;
				CODE_SIGN_STYLE = Automatic;
				CURRENT_PROJECT_VERSION = 1;
				DEVELOPMENT_ASSET_PATHS = "\"Pontentique/Preview Content\"";
				DEVELOPMENT_TEAM = 6LL3WKVVX2;
				ENABLE_HARDENED_RUNTIME = YES;
				ENABLE_PREVIEWS = YES;
				GENERATE_INFOPLIST_FILE = YES;
				INFOPLIST_FILE = Pontentique/Info.plist;
				INFOPLIST_KEY_NSLocalNetworkUsageDescription = "O aplicativo precisa acessar a máquina de ponto";
				"INFOPLIST_KEY_UIApplicationSceneManifest_Generation[sdk=iphoneos*]" = YES;
				"INFOPLIST_KEY_UIApplicationSceneManifest_Generation[sdk=iphonesimulator*]" = YES;
				"INFOPLIST_KEY_UIApplicationSupportsIndirectInputEvents[sdk=iphoneos*]" = YES;
				"INFOPLIST_KEY_UIApplicationSupportsIndirectInputEvents[sdk=iphonesimulator*]" = YES;
				"INFOPLIST_KEY_UILaunchScreen_Generation[sdk=iphoneos*]" = YES;
				"INFOPLIST_KEY_UILaunchScreen_Generation[sdk=iphonesimulator*]" = YES;
				"INFOPLIST_KEY_UIStatusBarStyle[sdk=iphoneos*]" = UIStatusBarStyleDefault;
				"INFOPLIST_KEY_UIStatusBarStyle[sdk=iphonesimulator*]" = UIStatusBarStyleDefault;
				INFOPLIST_KEY_UISupportedInterfaceOrientations_iPad = "UIInterfaceOrientationPortrait UIInterfaceOrientationPortraitUpsideDown UIInterfaceOrientationLandscapeLeft UIInterfaceOrientationLandscapeRight";
				INFOPLIST_KEY_UISupportedInterfaceOrientations_iPhone = "UIInterfaceOrientationPortrait UIInterfaceOrientationLandscapeLeft UIInterfaceOrientationLandscapeRight";
				IPHONEOS_DEPLOYMENT_TARGET = 17.0;
				LD_RUNPATH_SEARCH_PATHS = "@executable_path/Frameworks";
				"LD_RUNPATH_SEARCH_PATHS[sdk=macosx*]" = "@executable_path/../Frameworks";
				MACOSX_DEPLOYMENT_TARGET = 14.0;
				MARKETING_VERSION = 1.0;
				PRODUCT_BUNDLE_IDENTIFIER = autentique.Pontentique;
				PRODUCT_NAME = "$(TARGET_NAME)";
				SDKROOT = auto;
				SUPPORTED_PLATFORMS = "iphoneos iphonesimulator macosx";
				SWIFT_EMIT_LOC_STRINGS = YES;
				SWIFT_VERSION = 5.0;
				TARGETED_DEVICE_FAMILY = "1,2";
			};
			name = Debug;
		};
		45669BE62B10EA74000FA293 /* Release */ = {
			isa = XCBuildConfiguration;
			buildSettings = {
				ASSETCATALOG_COMPILER_APPICON_NAME = AppIcon;
				ASSETCATALOG_COMPILER_GLOBAL_ACCENT_COLOR_NAME = AccentColor;
				CODE_SIGN_ENTITLEMENTS = Pontentique/PontentiqueRelease.entitlements;
				CODE_SIGN_STYLE = Automatic;
				CURRENT_PROJECT_VERSION = 1;
				DEVELOPMENT_ASSET_PATHS = "\"Pontentique/Preview Content\"";
				DEVELOPMENT_TEAM = 6LL3WKVVX2;
				ENABLE_HARDENED_RUNTIME = YES;
				ENABLE_PREVIEWS = YES;
				GENERATE_INFOPLIST_FILE = YES;
				INFOPLIST_FILE = Pontentique/Info.plist;
				INFOPLIST_KEY_NSLocalNetworkUsageDescription = "O aplicativo precisa acessar a máquina de ponto";
				"INFOPLIST_KEY_UIApplicationSceneManifest_Generation[sdk=iphoneos*]" = YES;
				"INFOPLIST_KEY_UIApplicationSceneManifest_Generation[sdk=iphonesimulator*]" = YES;
				"INFOPLIST_KEY_UIApplicationSupportsIndirectInputEvents[sdk=iphoneos*]" = YES;
				"INFOPLIST_KEY_UIApplicationSupportsIndirectInputEvents[sdk=iphonesimulator*]" = YES;
				"INFOPLIST_KEY_UILaunchScreen_Generation[sdk=iphoneos*]" = YES;
				"INFOPLIST_KEY_UILaunchScreen_Generation[sdk=iphonesimulator*]" = YES;
				"INFOPLIST_KEY_UIStatusBarStyle[sdk=iphoneos*]" = UIStatusBarStyleDefault;
				"INFOPLIST_KEY_UIStatusBarStyle[sdk=iphonesimulator*]" = UIStatusBarStyleDefault;
				INFOPLIST_KEY_UISupportedInterfaceOrientations_iPad = "UIInterfaceOrientationPortrait UIInterfaceOrientationPortraitUpsideDown UIInterfaceOrientationLandscapeLeft UIInterfaceOrientationLandscapeRight";
				INFOPLIST_KEY_UISupportedInterfaceOrientations_iPhone = "UIInterfaceOrientationPortrait UIInterfaceOrientationLandscapeLeft UIInterfaceOrientationLandscapeRight";
				IPHONEOS_DEPLOYMENT_TARGET = 17.0;
				LD_RUNPATH_SEARCH_PATHS = "@executable_path/Frameworks";
				"LD_RUNPATH_SEARCH_PATHS[sdk=macosx*]" = "@executable_path/../Frameworks";
				MACOSX_DEPLOYMENT_TARGET = 14.0;
				MARKETING_VERSION = 1.0;
				PRODUCT_BUNDLE_IDENTIFIER = autentique.Pontentique;
				PRODUCT_NAME = "$(TARGET_NAME)";
				SDKROOT = auto;
				SUPPORTED_PLATFORMS = "iphoneos iphonesimulator macosx";
				SWIFT_EMIT_LOC_STRINGS = YES;
				SWIFT_VERSION = 5.0;
				TARGETED_DEVICE_FAMILY = "1,2";
			};
			name = Release;
		};
/* End XCBuildConfiguration section */

/* Begin XCConfigurationList section */
		45669BD02B10EA72000FA293 /* Build configuration list for PBXProject "Pontentique" */ = {
			isa = XCConfigurationList;
			buildConfigurations = (
				45669BE22B10EA74000FA293 /* Debug */,
				45669BE32B10EA74000FA293 /* Release */,
			);
			defaultConfigurationIsVisible = 0;
			defaultConfigurationName = Release;
		};
		45669BE42B10EA74000FA293 /* Build configuration list for PBXNativeTarget "Pontentique" */ = {
			isa = XCConfigurationList;
			buildConfigurations = (
				45669BE52B10EA74000FA293 /* Debug */,
				45669BE62B10EA74000FA293 /* Release */,
			);
			defaultConfigurationIsVisible = 0;
			defaultConfigurationName = Release;
		};
/* End XCConfigurationList section */
	};
	rootObject = 45669BCD2B10EA72000FA293 /* Project object */;
}
